
Microsoft Visual Studio Solution File, Format Version 11.00
# Visual Studio 2010
Project("{FAE04EC0-301F-11D3-BF4B-00C04F79EFBC}") = "CircleDiagram.Editor", "CircleDiagram.Editor\CircleDiagram.Editor.csproj", "{4A2C6152-E647-4F17-AA18-111AC9D105A0}"
EndProject
Project("{FAE04EC0-301F-11D3-BF4B-00C04F79EFBC}") = "CircleDiagram.Main", "CircleDiagram.Main\CircleDiagram.Main.csproj", "{6E6F0FCA-FC6C-4AF7-A75F-31C70B52D426}"
EndProject
Project("{FAE04EC0-301F-11D3-BF4B-00C04F79EFBC}") = "CircleDiagram.Graphic", "CircleDiagram.Graphic\CircleDiagram.Graphic.csproj", "{7A6FC6A9-E7CA-4FFD-956C-3E4276AEDD07}"
EndProject
Project("{FAE04EC0-301F-11D3-BF4B-00C04F79EFBC}") = "CircleDiagram.InputOutput", "CircleDiagram.InputOutput\CircleDiagram.InputOutput.csproj", "{411687F2-A2AF-473F-B02E-BAAB22497A52}"
EndProject
Global
	GlobalSection(SolutionConfigurationPlatforms) = preSolution
		Debug|Any CPU = Debug|Any CPU
		Debug|Mixed Platforms = Debug|Mixed Platforms
		Debug|x86 = Debug|x86
		Release|Any CPU = Release|Any CPU
		Release|Mixed Platforms = Release|Mixed Platforms
		Release|x86 = Release|x86
	EndGlobalSection
	GlobalSection(ProjectConfigurationPlatforms) = postSolution
		{4A2C6152-E647-4F17-AA18-111AC9D105A0}.Debug|Any CPU.ActiveCfg = Debug|x86
		{4A2C6152-E647-4F17-AA18-111AC9D105A0}.Debug|Mixed Platforms.ActiveCfg = Debug|x86
		{4A2C6152-E647-4F17-AA18-111AC9D105A0}.Debug|Mixed Platforms.Build.0 = Debug|x86
		{4A2C6152-E647-4F17-AA18-111AC9D105A0}.Debug|x86.ActiveCfg = Debug|x86
		{4A2C6152-E647-4F17-AA18-111AC9D105A0}.Debug|x86.Build.0 = Debug|x86
		{4A2C6152-E647-4F17-AA18-111AC9D105A0}.Release|Any CPU.ActiveCfg = Release|x86
		{4A2C6152-E647-4F17-AA18-111AC9D105A0}.Release|Mixed Platforms.ActiveCfg = Release|x86
		{4A2C6152-E647-4F17-AA18-111AC9D105A0}.Release|Mixed Platforms.Build.0 = Release|x86
		{4A2C6152-E647-4F17-AA18-111AC9D105A0}.Release|x86.ActiveCfg = Release|x86
		{4A2C6152-E647-4F17-AA18-111AC9D105A0}.Release|x86.Build.0 = Release|x86
		{6E6F0FCA-FC6C-4AF7-A75F-31C70B52D426}.Debug|Any CPU.ActiveCfg = Debug|Any CPU
		{6E6F0FCA-FC6C-4AF7-A75F-31C70B52D426}.Debug|Any CPU.Build.0 = Debug|Any CPU
		{6E6F0FCA-FC6C-4AF7-A75F-31C70B52D426}.Debug|Mixed Platforms.ActiveCfg = Debug|Any CPU
		{6E6F0FCA-FC6C-4AF7-A75F-31C70B52D426}.Debug|Mixed Platforms.Build.0 = Debug|Any CPU
		{6E6F0FCA-FC6C-4AF7-A75F-31C70B52D426}.Debug|x86.ActiveCfg = Debug|Any CPU
		{6E6F0FCA-FC6C-4AF7-A75F-31C70B52D426}.Release|Any CPU.ActiveCfg = Release|Any CPU
		{6E6F0FCA-FC6C-4AF7-A75F-31C70B52D426}.Release|Any CPU.Build.0 = Release|Any CPU
		{6E6F0FCA-FC6C-4AF7-A75F-31C70B52D426}.Release|Mixed Platforms.ActiveCfg = Release|Any CPU
		{6E6F0FCA-FC6C-4AF7-A75F-31C70B52D426}.Release|Mixed Platforms.Build.0 = Release|Any CPU
		{6E6F0FCA-FC6C-4AF7-A75F-31C70B52D426}.Release|x86.ActiveCfg = Release|Any CPU
		{7A6FC6A9-E7CA-4FFD-956C-3E4276AEDD07}.Debug|Any CPU.ActiveCfg = Debug|Any CPU
		{7A6FC6A9-E7CA-4FFD-956C-3E4276AEDD07}.Debug|Any CPU.Build.0 = Debug|Any CPU
		{7A6FC6A9-E7CA-4FFD-956C-3E4276AEDD07}.Debug|Mixed Platforms.ActiveCfg = Debug|Any CPU
		{7A6FC6A9-E7CA-4FFD-956C-3E4276AEDD07}.Debug|Mixed Platforms.Build.0 = Debug|Any CPU
		{7A6FC6A9-E7CA-4FFD-956C-3E4276AEDD07}.Debug|x86.ActiveCfg = Debug|Any CPU
		{7A6FC6A9-E7CA-4FFD-956C-3E4276AEDD07}.Release|Any CPU.ActiveCfg = Release|Any CPU
		{7A6FC6A9-E7CA-4FFD-956C-3E4276AEDD07}.Release|Any CPU.Build.0 = Release|Any CPU
		{7A6FC6A9-E7CA-4FFD-956C-3E4276AEDD07}.Release|Mixed Platforms.ActiveCfg = Release|Any CPU
		{7A6FC6A9-E7CA-4FFD-956C-3E4276AEDD07}.Release|Mixed Platforms.Build.0 = Release|Any CPU
		{7A6FC6A9-E7CA-4FFD-956C-3E4276AEDD07}.Release|x86.ActiveCfg = Release|Any CPU
		{411687F2-A2AF-473F-B02E-BAAB22497A52}.Debug|Any CPU.ActiveCfg = Debug|Any CPU
		{411687F2-A2AF-473F-B02E-BAAB22497A52}.Debug|Any CPU.Build.0 = Debug|Any CPU
		{411687F2-A2AF-473F-B02E-BAAB22497A52}.Debug|Mixed Platforms.ActiveCfg = Debug|Any CPU
		{411687F2-A2AF-473F-B02E-BAAB22497A52}.Debug|Mixed Platforms.Build.0 = Debug|Any CPU
		{411687F2-A2AF-473F-B02E-BAAB22497A52}.Debug|x86.ActiveCfg = Debug|Any CPU
		{411687F2-A2AF-473F-B02E-BAAB22497A52}.Release|Any CPU.ActiveCfg = Release|Any CPU
		{411687F2-A2AF-473F-B02E-BAAB22497A52}.Release|Any CPU.Build.0 = Release|Any CPU
		{411687F2-A2AF-473F-B02E-BAAB22497A52}.Release|Mixed Platforms.ActiveCfg = Release|Any CPU
		{411687F2-A2AF-473F-B02E-BAAB22497A52}.Release|Mixed Platforms.Build.0 = Release|Any CPU
		{411687F2-A2AF-473F-B02E-BAAB22497A52}.Release|x86.ActiveCfg = Release|Any CPU
	EndGlobalSection
	GlobalSection(SolutionProperties) = preSolution
		HideSolutionNode = FALSE
	EndGlobalSection
EndGlobal
